// !$*UTF8*$!
{
	archiveVersion = 1;
	classes = {
	};
	objectVersion = 55;
	objects = {

/* Begin PBXBuildFile section */
		4FF98A711F6B16F3BAA0D812 /* Pods_Stocks.framework in Frameworks */ = {isa = PBXBuildFile; fileRef = B1658A979FDE753458620ED3 /* Pods_Stocks.framework */; };
		E907ADE3282956EF00BFA8B6 /* NewsViewController.swift in Sources */ = {isa = PBXBuildFile; fileRef = E907ADE2282956EF00BFA8B6 /* NewsViewController.swift */; };
		E907ADE52829571200BFA8B6 /* SearchResultsViewController.swift in Sources */ = {isa = PBXBuildFile; fileRef = E907ADE42829571200BFA8B6 /* SearchResultsViewController.swift */; };
		E907ADE72829573E00BFA8B6 /* StockDetailsViewController.swift in Sources */ = {isa = PBXBuildFile; fileRef = E907ADE62829573E00BFA8B6 /* StockDetailsViewController.swift */; };
		E929C24C27F97ED700047953 /* AppDelegate.swift in Sources */ = {isa = PBXBuildFile; fileRef = E929C24B27F97ED700047953 /* AppDelegate.swift */; };
		E929C24E27F97ED700047953 /* SceneDelegate.swift in Sources */ = {isa = PBXBuildFile; fileRef = E929C24D27F97ED700047953 /* SceneDelegate.swift */; };
		E929C25027F97ED700047953 /* WatchListViewController.swift in Sources */ = {isa = PBXBuildFile; fileRef = E929C24F27F97ED700047953 /* WatchListViewController.swift */; };
		E929C25527F97ED800047953 /* Assets.xcassets in Resources */ = {isa = PBXBuildFile; fileRef = E929C25427F97ED800047953 /* Assets.xcassets */; };
		E929C25827F97ED800047953 /* LaunchScreen.storyboard in Resources */ = {isa = PBXBuildFile; fileRef = E929C25627F97ED800047953 /* LaunchScreen.storyboard */; };
		E94046D9282A56130032AB69 /* PanelViewController.swift in Sources */ = {isa = PBXBuildFile; fileRef = E94046D8282A56130032AB69 /* PanelViewController.swift */; };
		E94046DB282A70020032AB69 /* NewsHeaderView.swift in Sources */ = {isa = PBXBuildFile; fileRef = E94046DA282A70020032AB69 /* NewsHeaderView.swift */; };
		E952AFEA2829E8B7004C2208 /* ApiCallerManager.swift in Sources */ = {isa = PBXBuildFile; fileRef = E952AFE92829E8B7004C2208 /* ApiCallerManager.swift */; };
		E952AFEC2829E8EC004C2208 /* PersistenceManager.swift in Sources */ = {isa = PBXBuildFile; fileRef = E952AFEB2829E8EC004C2208 /* PersistenceManager.swift */; };
		E952AFEE2829E904004C2208 /* HapticManager.swift in Sources */ = {isa = PBXBuildFile; fileRef = E952AFED2829E904004C2208 /* HapticManager.swift */; };
		E952AFF02829F6A6004C2208 /* Extensions.swift in Sources */ = {isa = PBXBuildFile; fileRef = E952AFEF2829F6A6004C2208 /* Extensions.swift */; };
		E952AFF22829FA43004C2208 /* SearchResultTableViewCell.swift in Sources */ = {isa = PBXBuildFile; fileRef = E952AFF12829FA43004C2208 /* SearchResultTableViewCell.swift */; };
		E952AFF4282A0E46004C2208 /* SearchResponse.swift in Sources */ = {isa = PBXBuildFile; fileRef = E952AFF3282A0E46004C2208 /* SearchResponse.swift */; };
		E99ADB7C282BCB6B0096B5CC /* MarketDataResponse.swift in Sources */ = {isa = PBXBuildFile; fileRef = E99ADB7B282BCB6B0096B5CC /* MarketDataResponse.swift */; };
		E99ADB7E282BD70A0096B5CC /* WatchListTableViewCell.swift in Sources */ = {isa = PBXBuildFile; fileRef = E99ADB7D282BD70A0096B5CC /* WatchListTableViewCell.swift */; };
		E99ADB80282BD8FD0096B5CC /* StockChartView.swift in Sources */ = {isa = PBXBuildFile; fileRef = E99ADB7F282BD8FD0096B5CC /* StockChartView.swift */; };
		E9F033CA282DF33B00824DDE /* FinancialMetricsResponse.swift in Sources */ = {isa = PBXBuildFile; fileRef = E9F033C9282DF33B00824DDE /* FinancialMetricsResponse.swift */; };
		E9F033CC282DF6B000824DDE /* StockDetailHeaderView.swift in Sources */ = {isa = PBXBuildFile; fileRef = E9F033CB282DF6B000824DDE /* StockDetailHeaderView.swift */; };
		E9F85CD0282B4B1F00E07210 /* NewsStory.swift in Sources */ = {isa = PBXBuildFile; fileRef = E9F85CCF282B4B1F00E07210 /* NewsStory.swift */; };
		E9F85CD2282B54F900E07210 /* NewsStoryTableViewCell.swift in Sources */ = {isa = PBXBuildFile; fileRef = E9F85CD1282B54F900E07210 /* NewsStoryTableViewCell.swift */; };
/* End PBXBuildFile section */

/* Begin PBXFileReference section */
		1150E33CDB2EBAF726694711 /* Pods-Stocks.release.xcconfig */ = {isa = PBXFileReference; includeInIndex = 1; lastKnownFileType = text.xcconfig; name = "Pods-Stocks.release.xcconfig"; path = "Target Support Files/Pods-Stocks/Pods-Stocks.release.xcconfig"; sourceTree = "<group>"; };
		A07186354F1BB23F4670EB5E /* Pods-Stocks.debug.xcconfig */ = {isa = PBXFileReference; includeInIndex = 1; lastKnownFileType = text.xcconfig; name = "Pods-Stocks.debug.xcconfig"; path = "Target Support Files/Pods-Stocks/Pods-Stocks.debug.xcconfig"; sourceTree = "<group>"; };
		B1658A979FDE753458620ED3 /* Pods_Stocks.framework */ = {isa = PBXFileReference; explicitFileType = wrapper.framework; includeInIndex = 0; path = Pods_Stocks.framework; sourceTree = BUILT_PRODUCTS_DIR; };
		E907ADE2282956EF00BFA8B6 /* NewsViewController.swift */ = {isa = PBXFileReference; lastKnownFileType = sourcecode.swift; path = NewsViewController.swift; sourceTree = "<group>"; };
		E907ADE42829571200BFA8B6 /* SearchResultsViewController.swift */ = {isa = PBXFileReference; lastKnownFileType = sourcecode.swift; path = SearchResultsViewController.swift; sourceTree = "<group>"; };
		E907ADE62829573E00BFA8B6 /* StockDetailsViewController.swift */ = {isa = PBXFileReference; lastKnownFileType = sourcecode.swift; path = StockDetailsViewController.swift; sourceTree = "<group>"; };
		E929C24827F97ED700047953 /* Stocks.app */ = {isa = PBXFileReference; explicitFileType = wrapper.application; includeInIndex = 0; path = Stocks.app; sourceTree = BUILT_PRODUCTS_DIR; };
		E929C24B27F97ED700047953 /* AppDelegate.swift */ = {isa = PBXFileReference; lastKnownFileType = sourcecode.swift; path = AppDelegate.swift; sourceTree = "<group>"; };
		E929C24D27F97ED700047953 /* SceneDelegate.swift */ = {isa = PBXFileReference; lastKnownFileType = sourcecode.swift; path = SceneDelegate.swift; sourceTree = "<group>"; };
		E929C24F27F97ED700047953 /* WatchListViewController.swift */ = {isa = PBXFileReference; lastKnownFileType = sourcecode.swift; path = WatchListViewController.swift; sourceTree = "<group>"; };
		E929C25427F97ED800047953 /* Assets.xcassets */ = {isa = PBXFileReference; lastKnownFileType = folder.assetcatalog; path = Assets.xcassets; sourceTree = "<group>"; };
		E929C25727F97ED800047953 /* Base */ = {isa = PBXFileReference; lastKnownFileType = file.storyboard; name = Base; path = Base.lproj/LaunchScreen.storyboard; sourceTree = "<group>"; };
		E929C25927F97ED800047953 /* Info.plist */ = {isa = PBXFileReference; lastKnownFileType = text.plist.xml; path = Info.plist; sourceTree = "<group>"; };
		E94046D8282A56130032AB69 /* PanelViewController.swift */ = {isa = PBXFileReference; lastKnownFileType = sourcecode.swift; path = PanelViewController.swift; sourceTree = "<group>"; };
		E94046DA282A70020032AB69 /* NewsHeaderView.swift */ = {isa = PBXFileReference; lastKnownFileType = sourcecode.swift; path = NewsHeaderView.swift; sourceTree = "<group>"; };
		E952AFE92829E8B7004C2208 /* ApiCallerManager.swift */ = {isa = PBXFileReference; lastKnownFileType = sourcecode.swift; path = ApiCallerManager.swift; sourceTree = "<group>"; };
		E952AFEB2829E8EC004C2208 /* PersistenceManager.swift */ = {isa = PBXFileReference; lastKnownFileType = sourcecode.swift; path = PersistenceManager.swift; sourceTree = "<group>"; };
		E952AFED2829E904004C2208 /* HapticManager.swift */ = {isa = PBXFileReference; lastKnownFileType = sourcecode.swift; path = HapticManager.swift; sourceTree = "<group>"; };
		E952AFEF2829F6A6004C2208 /* Extensions.swift */ = {isa = PBXFileReference; lastKnownFileType = sourcecode.swift; path = Extensions.swift; sourceTree = "<group>"; };
		E952AFF12829FA43004C2208 /* SearchResultTableViewCell.swift */ = {isa = PBXFileReference; lastKnownFileType = sourcecode.swift; path = SearchResultTableViewCell.swift; sourceTree = "<group>"; };
		E952AFF3282A0E46004C2208 /* SearchResponse.swift */ = {isa = PBXFileReference; lastKnownFileType = sourcecode.swift; path = SearchResponse.swift; sourceTree = "<group>"; };
		E99ADB7B282BCB6B0096B5CC /* MarketDataResponse.swift */ = {isa = PBXFileReference; lastKnownFileType = sourcecode.swift; path = MarketDataResponse.swift; sourceTree = "<group>"; };
		E99ADB7D282BD70A0096B5CC /* WatchListTableViewCell.swift */ = {isa = PBXFileReference; lastKnownFileType = sourcecode.swift; path = WatchListTableViewCell.swift; sourceTree = "<group>"; };
		E99ADB7F282BD8FD0096B5CC /* StockChartView.swift */ = {isa = PBXFileReference; lastKnownFileType = sourcecode.swift; path = StockChartView.swift; sourceTree = "<group>"; };
		E9F033C9282DF33B00824DDE /* FinancialMetricsResponse.swift */ = {isa = PBXFileReference; lastKnownFileType = sourcecode.swift; path = FinancialMetricsResponse.swift; sourceTree = "<group>"; };
		E9F033CB282DF6B000824DDE /* StockDetailHeaderView.swift */ = {isa = PBXFileReference; lastKnownFileType = sourcecode.swift; path = StockDetailHeaderView.swift; sourceTree = "<group>"; };
		E9F85CCF282B4B1F00E07210 /* NewsStory.swift */ = {isa = PBXFileReference; lastKnownFileType = sourcecode.swift; path = NewsStory.swift; sourceTree = "<group>"; };
		E9F85CD1282B54F900E07210 /* NewsStoryTableViewCell.swift */ = {isa = PBXFileReference; lastKnownFileType = sourcecode.swift; path = NewsStoryTableViewCell.swift; sourceTree = "<group>"; };
/* End PBXFileReference section */

/* Begin PBXFrameworksBuildPhase section */
		E929C24527F97ED700047953 /* Frameworks */ = {
			isa = PBXFrameworksBuildPhase;
			buildActionMask = 2147483647;
			files = (
				4FF98A711F6B16F3BAA0D812 /* Pods_Stocks.framework in Frameworks */,
			);
			runOnlyForDeploymentPostprocessing = 0;
		};
/* End PBXFrameworksBuildPhase section */

/* Begin PBXGroup section */
		6837C9B6C14B3AE2750B1011 /* Frameworks */ = {
			isa = PBXGroup;
			children = (
				B1658A979FDE753458620ED3 /* Pods_Stocks.framework */,
			);
			name = Frameworks;
			sourceTree = "<group>";
		};
		B4B3F278560824649F1652BE /* Pods */ = {
			isa = PBXGroup;
			children = (
				A07186354F1BB23F4670EB5E /* Pods-Stocks.debug.xcconfig */,
				1150E33CDB2EBAF726694711 /* Pods-Stocks.release.xcconfig */,
			);
			path = Pods;
			sourceTree = "<group>";
		};
		E907ADDB2829540400BFA8B6 /* App */ = {
			isa = PBXGroup;
			children = (
				E929C24B27F97ED700047953 /* AppDelegate.swift */,
				E929C24D27F97ED700047953 /* SceneDelegate.swift */,
			);
			path = App;
			sourceTree = "<group>";
		};
		E907ADDD2829559A00BFA8B6 /* Models */ = {
			isa = PBXGroup;
			children = (
				E952AFF3282A0E46004C2208 /* SearchResponse.swift */,
				E9F85CCF282B4B1F00E07210 /* NewsStory.swift */,
				E99ADB7B282BCB6B0096B5CC /* MarketDataResponse.swift */,
				E9F033C9282DF33B00824DDE /* FinancialMetricsResponse.swift */,
			);
			path = Models;
			sourceTree = "<group>";
		};
		E907ADDE282955A000BFA8B6 /* Views */ = {
			isa = PBXGroup;
			children = (
				E952AFF12829FA43004C2208 /* SearchResultTableViewCell.swift */,
				E94046DA282A70020032AB69 /* NewsHeaderView.swift */,
				E9F85CD1282B54F900E07210 /* NewsStoryTableViewCell.swift */,
				E99ADB7D282BD70A0096B5CC /* WatchListTableViewCell.swift */,
				E99ADB7F282BD8FD0096B5CC /* StockChartView.swift */,
				E9F033CB282DF6B000824DDE /* StockDetailHeaderView.swift */,
			);
			path = Views;
			sourceTree = "<group>";
		};
		E907ADDF282955AC00BFA8B6 /* Controllers */ = {
			isa = PBXGroup;
			children = (
				E929C24F27F97ED700047953 /* WatchListViewController.swift */,
				E907ADE2282956EF00BFA8B6 /* NewsViewController.swift */,
				E907ADE42829571200BFA8B6 /* SearchResultsViewController.swift */,
				E907ADE62829573E00BFA8B6 /* StockDetailsViewController.swift */,
				E94046D8282A56130032AB69 /* PanelViewController.swift */,
			);
			path = Controllers;
			sourceTree = "<group>";
		};
		E907ADE0282955DC00BFA8B6 /* Sources */ = {
			isa = PBXGroup;
			children = (
				E929C25927F97ED800047953 /* Info.plist */,
				E929C25427F97ED800047953 /* Assets.xcassets */,
				E929C25627F97ED800047953 /* LaunchScreen.storyboard */,
			);
			path = Sources;
			sourceTree = "<group>";
		};
		E907ADE12829561300BFA8B6 /* Utils */ = {
			isa = PBXGroup;
			children = (
				E952AFEF2829F6A6004C2208 /* Extensions.swift */,
			);
			path = Utils;
			sourceTree = "<group>";
		};
		E907ADE82829575500BFA8B6 /* Managers */ = {
			isa = PBXGroup;
			children = (
				E952AFE92829E8B7004C2208 /* ApiCallerManager.swift */,
				E952AFEB2829E8EC004C2208 /* PersistenceManager.swift */,
				E952AFED2829E904004C2208 /* HapticManager.swift */,
			);
			path = Managers;
			sourceTree = "<group>";
		};
		E929C23F27F97ED700047953 = {
			isa = PBXGroup;
			children = (
				E929C24A27F97ED700047953 /* Stocks */,
				E929C24927F97ED700047953 /* Products */,
				B4B3F278560824649F1652BE /* Pods */,
				6837C9B6C14B3AE2750B1011 /* Frameworks */,
			);
			sourceTree = "<group>";
		};
		E929C24927F97ED700047953 /* Products */ = {
			isa = PBXGroup;
			children = (
				E929C24827F97ED700047953 /* Stocks.app */,
			);
			name = Products;
			sourceTree = "<group>";
		};
		E929C24A27F97ED700047953 /* Stocks */ = {
			isa = PBXGroup;
			children = (
				E907ADDB2829540400BFA8B6 /* App */,
				E907ADDF282955AC00BFA8B6 /* Controllers */,
				E907ADE82829575500BFA8B6 /* Managers */,
				E907ADDE282955A000BFA8B6 /* Views */,
				E907ADDD2829559A00BFA8B6 /* Models */,
				E907ADE12829561300BFA8B6 /* Utils */,
				E907ADE0282955DC00BFA8B6 /* Sources */,
			);
			path = Stocks;
			sourceTree = "<group>";
		};
/* End PBXGroup section */

/* Begin PBXNativeTarget section */
		E929C24727F97ED700047953 /* Stocks */ = {
			isa = PBXNativeTarget;
			buildConfigurationList = E929C25C27F97ED800047953 /* Build configuration list for PBXNativeTarget "Stocks" */;
			buildPhases = (
				A125F6B097C5CC7C66DAC344 /* [CP] Check Pods Manifest.lock */,
				E929C24427F97ED700047953 /* Sources */,
				E929C24527F97ED700047953 /* Frameworks */,
				E929C24627F97ED700047953 /* Resources */,
				44D98C050FD93BC359347759 /* [CP] Embed Pods Frameworks */,
			);
			buildRules = (
			);
			dependencies = (
			);
			name = Stocks;
			productName = Stocks;
			productReference = E929C24827F97ED700047953 /* Stocks.app */;
			productType = "com.apple.product-type.application";
		};
/* End PBXNativeTarget section */

/* Begin PBXProject section */
		E929C24027F97ED700047953 /* Project object */ = {
			isa = PBXProject;
			attributes = {
				BuildIndependentTargetsInParallel = 1;
				LastSwiftUpdateCheck = 1320;
				LastUpgradeCheck = 1320;
				TargetAttributes = {
					E929C24727F97ED700047953 = {
						CreatedOnToolsVersion = 13.2.1;
					};
				};
			};
			buildConfigurationList = E929C24327F97ED700047953 /* Build configuration list for PBXProject "Stocks" */;
			compatibilityVersion = "Xcode 13.0";
			developmentRegion = en;
			hasScannedForEncodings = 0;
			knownRegions = (
				en,
				Base,
			);
			mainGroup = E929C23F27F97ED700047953;
			productRefGroup = E929C24927F97ED700047953 /* Products */;
			projectDirPath = "";
			projectRoot = "";
			targets = (
				E929C24727F97ED700047953 /* Stocks */,
			);
		};
/* End PBXProject section */

/* Begin PBXResourcesBuildPhase section */
		E929C24627F97ED700047953 /* Resources */ = {
			isa = PBXResourcesBuildPhase;
			buildActionMask = 2147483647;
			files = (
				E929C25827F97ED800047953 /* LaunchScreen.storyboard in Resources */,
				E929C25527F97ED800047953 /* Assets.xcassets in Resources */,
			);
			runOnlyForDeploymentPostprocessing = 0;
		};
/* End PBXResourcesBuildPhase section */

/* Begin PBXShellScriptBuildPhase section */
		44D98C050FD93BC359347759 /* [CP] Embed Pods Frameworks */ = {
			isa = PBXShellScriptBuildPhase;
			buildActionMask = 2147483647;
			files = (
			);
			inputFileListPaths = (
				"${PODS_ROOT}/Target Support Files/Pods-Stocks/Pods-Stocks-frameworks-${CONFIGURATION}-input-files.xcfilelist",
			);
			name = "[CP] Embed Pods Frameworks";
			outputFileListPaths = (
				"${PODS_ROOT}/Target Support Files/Pods-Stocks/Pods-Stocks-frameworks-${CONFIGURATION}-output-files.xcfilelist",
			);
			runOnlyForDeploymentPostprocessing = 0;
			shellPath = /bin/sh;
			shellScript = "\"${PODS_ROOT}/Target Support Files/Pods-Stocks/Pods-Stocks-frameworks.sh\"\n";
			showEnvVarsInLog = 0;
		};
		A125F6B097C5CC7C66DAC344 /* [CP] Check Pods Manifest.lock */ = {
			isa = PBXShellScriptBuildPhase;
			buildActionMask = 2147483647;
			files = (
			);
			inputFileListPaths = (
			);
			inputPaths = (
				"${PODS_PODFILE_DIR_PATH}/Podfile.lock",
				"${PODS_ROOT}/Manifest.lock",
			);
			name = "[CP] Check Pods Manifest.lock";
			outputFileListPaths = (
			);
			outputPaths = (
				"$(DERIVED_FILE_DIR)/Pods-Stocks-checkManifestLockResult.txt",
			);
			runOnlyForDeploymentPostprocessing = 0;
			shellPath = /bin/sh;
			shellScript = "diff \"${PODS_PODFILE_DIR_PATH}/Podfile.lock\" \"${PODS_ROOT}/Manifest.lock\" > /dev/null\nif [ $? != 0 ] ; then\n    # print error to STDERR\n    echo \"error: The sandbox is not in sync with the Podfile.lock. Run 'pod install' or update your CocoaPods installation.\" >&2\n    exit 1\nfi\n# This output is used by Xcode 'outputs' to avoid re-running this script phase.\necho \"SUCCESS\" > \"${SCRIPT_OUTPUT_FILE_0}\"\n";
			showEnvVarsInLog = 0;
		};
/* End PBXShellScriptBuildPhase section */

/* Begin PBXSourcesBuildPhase section */
		E929C24427F97ED700047953 /* Sources */ = {
			isa = PBXSourcesBuildPhase;
			buildActionMask = 2147483647;
			files = (
				E9F033CA282DF33B00824DDE /* FinancialMetricsResponse.swift in Sources */,
				E907ADE72829573E00BFA8B6 /* StockDetailsViewController.swift in Sources */,
				E952AFF22829FA43004C2208 /* SearchResultTableViewCell.swift in Sources */,
				E929C25027F97ED700047953 /* WatchListViewController.swift in Sources */,
				E952AFEA2829E8B7004C2208 /* ApiCallerManager.swift in Sources */,
				E952AFEC2829E8EC004C2208 /* PersistenceManager.swift in Sources */,
				E907ADE3282956EF00BFA8B6 /* NewsViewController.swift in Sources */,
				E94046DB282A70020032AB69 /* NewsHeaderView.swift in Sources */,
				E9F85CD0282B4B1F00E07210 /* NewsStory.swift in Sources */,
				E9F033CC282DF6B000824DDE /* StockDetailHeaderView.swift in Sources */,
				E9F85CD2282B54F900E07210 /* NewsStoryTableViewCell.swift in Sources */,
				E99ADB80282BD8FD0096B5CC /* StockChartView.swift in Sources */,
				E952AFF02829F6A6004C2208 /* Extensions.swift in Sources */,
				E929C24C27F97ED700047953 /* AppDelegate.swift in Sources */,
				E952AFF4282A0E46004C2208 /* SearchResponse.swift in Sources */,
				E929C24E27F97ED700047953 /* SceneDelegate.swift in Sources */,
				E952AFEE2829E904004C2208 /* HapticManager.swift in Sources */,
				E94046D9282A56130032AB69 /* PanelViewController.swift in Sources */,
				E99ADB7E282BD70A0096B5CC /* WatchListTableViewCell.swift in Sources */,
				E99ADB7C282BCB6B0096B5CC /* MarketDataResponse.swift in Sources */,
				E907ADE52829571200BFA8B6 /* SearchResultsViewController.swift in Sources */,
			);
			runOnlyForDeploymentPostprocessing = 0;
		};
/* End PBXSourcesBuildPhase section */

/* Begin PBXVariantGroup section */
		E929C25627F97ED800047953 /* LaunchScreen.storyboard */ = {
			isa = PBXVariantGroup;
			children = (
				E929C25727F97ED800047953 /* Base */,
			);
			name = LaunchScreen.storyboard;
			sourceTree = "<group>";
		};
/* End PBXVariantGroup section */

/* Begin XCBuildConfiguration section */
		E929C25A27F97ED800047953 /* Debug */ = {
			isa = XCBuildConfiguration;
			buildSettings = {
				ALWAYS_SEARCH_USER_PATHS = NO;
				CLANG_ANALYZER_NONNULL = YES;
				CLANG_ANALYZER_NUMBER_OBJECT_CONVERSION = YES_AGGRESSIVE;
				CLANG_CXX_LANGUAGE_STANDARD = "gnu++17";
				CLANG_CXX_LIBRARY = "libc++";
				CLANG_ENABLE_MODULES = YES;
				CLANG_ENABLE_OBJC_ARC = YES;
				CLANG_ENABLE_OBJC_WEAK = YES;
				CLANG_WARN_BLOCK_CAPTURE_AUTORELEASING = YES;
				CLANG_WARN_BOOL_CONVERSION = YES;
				CLANG_WARN_COMMA = YES;
				CLANG_WARN_CONSTANT_CONVERSION = YES;
				CLANG_WARN_DEPRECATED_OBJC_IMPLEMENTATIONS = YES;
				CLANG_WARN_DIRECT_OBJC_ISA_USAGE = YES_ERROR;
				CLANG_WARN_DOCUMENTATION_COMMENTS = YES;
				CLANG_WARN_EMPTY_BODY = YES;
				CLANG_WARN_ENUM_CONVERSION = YES;
				CLANG_WARN_INFINITE_RECURSION = YES;
				CLANG_WARN_INT_CONVERSION = YES;
				CLANG_WARN_NON_LITERAL_NULL_CONVERSION = YES;
				CLANG_WARN_OBJC_IMPLICIT_RETAIN_SELF = YES;
				CLANG_WARN_OBJC_LITERAL_CONVERSION = YES;
				CLANG_WARN_OBJC_ROOT_CLASS = YES_ERROR;
				CLANG_WARN_QUOTED_INCLUDE_IN_FRAMEWORK_HEADER = YES;
				CLANG_WARN_RANGE_LOOP_ANALYSIS = YES;
				CLANG_WARN_STRICT_PROTOTYPES = YES;
				CLANG_WARN_SUSPICIOUS_MOVE = YES;
				CLANG_WARN_UNGUARDED_AVAILABILITY = YES_AGGRESSIVE;
				CLANG_WARN_UNREACHABLE_CODE = YES;
				CLANG_WARN__DUPLICATE_METHOD_MATCH = YES;
				COPY_PHASE_STRIP = NO;
				DEBUG_INFORMATION_FORMAT = dwarf;
				ENABLE_STRICT_OBJC_MSGSEND = YES;
				ENABLE_TESTABILITY = YES;
				GCC_C_LANGUAGE_STANDARD = gnu11;
				GCC_DYNAMIC_NO_PIC = NO;
				GCC_NO_COMMON_BLOCKS = YES;
				GCC_OPTIMIZATION_LEVEL = 0;
				GCC_PREPROCESSOR_DEFINITIONS = (
					"DEBUG=1",
					"$(inherited)",
				);
				GCC_WARN_64_TO_32_BIT_CONVERSION = YES;
				GCC_WARN_ABOUT_RETURN_TYPE = YES_ERROR;
				GCC_WARN_UNDECLARED_SELECTOR = YES;
				GCC_WARN_UNINITIALIZED_AUTOS = YES_AGGRESSIVE;
				GCC_WARN_UNUSED_FUNCTION = YES;
				GCC_WARN_UNUSED_VARIABLE = YES;
				IPHONEOS_DEPLOYMENT_TARGET = 15.2;
				MTL_ENABLE_DEBUG_INFO = INCLUDE_SOURCE;
				MTL_FAST_MATH = YES;
				ONLY_ACTIVE_ARCH = YES;
				SDKROOT = iphoneos;
				SWIFT_ACTIVE_COMPILATION_CONDITIONS = DEBUG;
				SWIFT_OPTIMIZATION_LEVEL = "-Onone";
			};
			name = Debug;
		};
		E929C25B27F97ED800047953 /* Release */ = {
			isa = XCBuildConfiguration;
			buildSettings = {
				ALWAYS_SEARCH_USER_PATHS = NO;
				CLANG_ANALYZER_NONNULL = YES;
				CLANG_ANALYZER_NUMBER_OBJECT_CONVERSION = YES_AGGRESSIVE;
				CLANG_CXX_LANGUAGE_STANDARD = "gnu++17";
				CLANG_CXX_LIBRARY = "libc++";
				CLANG_ENABLE_MODULES = YES;
				CLANG_ENABLE_OBJC_ARC = YES;
				CLANG_ENABLE_OBJC_WEAK = YES;
				CLANG_WARN_BLOCK_CAPTURE_AUTORELEASING = YES;
				CLANG_WARN_BOOL_CONVERSION = YES;
				CLANG_WARN_COMMA = YES;
				CLANG_WARN_CONSTANT_CONVERSION = YES;
				CLANG_WARN_DEPRECATED_OBJC_IMPLEMENTATIONS = YES;
				CLANG_WARN_DIRECT_OBJC_ISA_USAGE = YES_ERROR;
				CLANG_WARN_DOCUMENTATION_COMMENTS = YES;
				CLANG_WARN_EMPTY_BODY = YES;
				CLANG_WARN_ENUM_CONVERSION = YES;
				CLANG_WARN_INFINITE_RECURSION = YES;
				CLANG_WARN_INT_CONVERSION = YES;
				CLANG_WARN_NON_LITERAL_NULL_CONVERSION = YES;
				CLANG_WARN_OBJC_IMPLICIT_RETAIN_SELF = YES;
				CLANG_WARN_OBJC_LITERAL_CONVERSION = YES;
				CLANG_WARN_OBJC_ROOT_CLASS = YES_ERROR;
				CLANG_WARN_QUOTED_INCLUDE_IN_FRAMEWORK_HEADER = YES;
				CLANG_WARN_RANGE_LOOP_ANALYSIS = YES;
				CLANG_WARN_STRICT_PROTOTYPES = YES;
				CLANG_WARN_SUSPICIOUS_MOVE = YES;
				CLANG_WARN_UNGUARDED_AVAILABILITY = YES_AGGRESSIVE;
				CLANG_WARN_UNREACHABLE_CODE = YES;
				CLANG_WARN__DUPLICATE_METHOD_MATCH = YES;
				COPY_PHASE_STRIP = NO;
				DEBUG_INFORMATION_FORMAT = "dwarf-with-dsym";
				ENABLE_NS_ASSERTIONS = NO;
				ENABLE_STRICT_OBJC_MSGSEND = YES;
				GCC_C_LANGUAGE_STANDARD = gnu11;
				GCC_NO_COMMON_BLOCKS = YES;
				GCC_WARN_64_TO_32_BIT_CONVERSION = YES;
				GCC_WARN_ABOUT_RETURN_TYPE = YES_ERROR;
				GCC_WARN_UNDECLARED_SELECTOR = YES;
				GCC_WARN_UNINITIALIZED_AUTOS = YES_AGGRESSIVE;
				GCC_WARN_UNUSED_FUNCTION = YES;
				GCC_WARN_UNUSED_VARIABLE = YES;
				IPHONEOS_DEPLOYMENT_TARGET = 15.2;
				MTL_ENABLE_DEBUG_INFO = NO;
				MTL_FAST_MATH = YES;
				SDKROOT = iphoneos;
				SWIFT_COMPILATION_MODE = wholemodule;
				SWIFT_OPTIMIZATION_LEVEL = "-O";
				VALIDATE_PRODUCT = YES;
			};
			name = Release;
		};
		E929C25D27F97ED800047953 /* Debug */ = {
			isa = XCBuildConfiguration;
			baseConfigurationReference = A07186354F1BB23F4670EB5E /* Pods-Stocks.debug.xcconfig */;
			buildSettings = {
				ASSETCATALOG_COMPILER_APPICON_NAME = AppIcon;
				ASSETCATALOG_COMPILER_GLOBAL_ACCENT_COLOR_NAME = AccentColor;
				CODE_SIGN_STYLE = Automatic;
				CURRENT_PROJECT_VERSION = 1;
				DEVELOPMENT_TEAM = Q6JT9SDQN5;
				GENERATE_INFOPLIST_FILE = YES;
				INFOPLIST_FILE = Stocks/Sources/Info.plist;
				INFOPLIST_KEY_UIApplicationSupportsIndirectInputEvents = YES;
				INFOPLIST_KEY_UILaunchStoryboardName = LaunchScreen;
				INFOPLIST_KEY_UISupportedInterfaceOrientations = UIInterfaceOrientationPortrait;
				INFOPLIST_KEY_UISupportedInterfaceOrientations_iPad = "UIInterfaceOrientationPortrait UIInterfaceOrientationPortraitUpsideDown UIInterfaceOrientationLandscapeLeft UIInterfaceOrientationLandscapeRight";
				INFOPLIST_KEY_UISupportedInterfaceOrientations_iPhone = "UIInterfaceOrientationPortrait UIInterfaceOrientationLandscapeLeft UIInterfaceOrientationLandscapeRight";
				LD_RUNPATH_SEARCH_PATHS = (
					"$(inherited)",
					"@executable_path/Frameworks",
				);
				MARKETING_VERSION = 1.0;
				PRODUCT_BUNDLE_IDENTIFIER = com.dimas.Stocks;
				PRODUCT_NAME = "$(TARGET_NAME)";
				SWIFT_EMIT_LOC_STRINGS = YES;
				SWIFT_VERSION = 5.0;
				TARGETED_DEVICE_FAMILY = 1;
			};
			name = Debug;
		};
		E929C25E27F97ED800047953 /* Release */ = {
			isa = XCBuildConfiguration;
			baseConfigurationReference = 1150E33CDB2EBAF726694711 /* Pods-Stocks.release.xcconfig */;
			buildSettings = {
				ASSETCATALOG_COMPILER_APPICON_NAME = AppIcon;
				ASSETCATALOG_COMPILER_GLOBAL_ACCENT_COLOR_NAME = AccentColor;
				CODE_SIGN_STYLE = Automatic;
				CURRENT_PROJECT_VERSION = 1;
				DEVELOPMENT_TEAM = Q6JT9SDQN5;
				GENERATE_INFOPLIST_FILE = YES;
				INFOPLIST_FILE = Stocks/Sources/Info.plist;
				INFOPLIST_KEY_UIApplicationSupportsIndirectInputEvents = YES;
				INFOPLIST_KEY_UILaunchStoryboardName = LaunchScreen;
				INFOPLIST_KEY_UISupportedInterfaceOrientations = UIInterfaceOrientationPortrait;
				INFOPLIST_KEY_UISupportedInterfaceOrientations_iPad = "UIInterfaceOrientationPortrait UIInterfaceOrientationPortraitUpsideDown UIInterfaceOrientationLandscapeLeft UIInterfaceOrientationLandscapeRight";
				INFOPLIST_KEY_UISupportedInterfaceOrientations_iPhone = "UIInterfaceOrientationPortrait UIInterfaceOrientationLandscapeLeft UIInterfaceOrientationLandscapeRight";
				LD_RUNPATH_SEARCH_PATHS = (
					"$(inherited)",
					"@executable_path/Frameworks",
				);
				MARKETING_VERSION = 1.0;
				PRODUCT_BUNDLE_IDENTIFIER = com.dimas.Stocks;
				PRODUCT_NAME = "$(TARGET_NAME)";
				SWIFT_EMIT_LOC_STRINGS = YES;
				SWIFT_VERSION = 5.0;
				TARGETED_DEVICE_FAMILY = 1;
			};
			name = Release;
		};
/* End XCBuildConfiguration section */

/* Begin XCConfigurationList section */
		E929C24327F97ED700047953 /* Build configuration list for PBXProject "Stocks" */ = {
			isa = XCConfigurationList;
			buildConfigurations = (
				E929C25A27F97ED800047953 /* Debug */,
				E929C25B27F97ED800047953 /* Release */,
			);
			defaultConfigurationIsVisible = 0;
			defaultConfigurationName = Release;
		};
		E929C25C27F97ED800047953 /* Build configuration list for PBXNativeTarget "Stocks" */ = {
			isa = XCConfigurationList;
			buildConfigurations = (
				E929C25D27F97ED800047953 /* Debug */,
				E929C25E27F97ED800047953 /* Release */,
			);
			defaultConfigurationIsVisible = 0;
			defaultConfigurationName = Release;
		};
/* End XCConfigurationList section */
	};
	rootObject = E929C24027F97ED700047953 /* Project object */;
}
